
Microsoft Visual Studio Solution File, Format Version 12.00
# Visual Studio Version 16
VisualStudioVersion = 16.0.31105.61
MinimumVisualStudioVersion = 10.0.40219.1
Project("{2150E333-8FDC-42A3-9474-1A3956D46DE8}") = "BEPZA_MEDICAL.Domain", "BEPZA_MEDICAL.Domain", "{8718E047-E0A2-40F5-B98E-9773B98B27C4}"
EndProject
Project("{2150E333-8FDC-42A3-9474-1A3956D46DE8}") = "BEPZA_MEDICAL.DAL", "BEPZA_MEDICAL.DAL", "{893ECC3B-3A64-435E-8F33-D39C56484A6E}"
EndProject
Project("{FAE04EC0-301F-11D3-BF4B-00C04F79EFBC}") = "BEPZA_MEDICAL.Web", "BEPZA_MEDICAL.Web\BEPZA_MEDICAL.Web.csproj", "{1892404B-66EC-4369-9E67-A2870A608CBF}"
EndProject
Project("{FAE04EC0-301F-11D3-BF4B-00C04F79EFBC}") = "BEPZA_MEDICAL.DAL.Infrastructure", "BEPZA_MEDICAL.DAL.Infrastructure\BEPZA_MEDICAL.DAL.Infrastructure.csproj", "{3D9C2195-7658-4158-965F-069FEAF8E311}"
EndProject
Project("{FAE04EC0-301F-11D3-BF4B-00C04F79EFBC}") = "BEPZA_MEDICAL.DAL.PRM", "BEPZA_MEDICAL.DAL.PRM\BEPZA_MEDICAL.DAL.PRM.csproj", "{99686FF6-1A23-41D2-9055-853E638A48EA}"
EndProject
Project("{FAE04EC0-301F-11D3-BF4B-00C04F79EFBC}") = "BEPZA_MEDICAL.Domain.PRM", "BEPZA_MEDICAL.Domain.PRM\BEPZA_MEDICAL.Domain.PRM.csproj", "{E43088EA-2886-4A50-97FB-B55CCA6D7085}"
EndProject
Project("{FAE04EC0-301F-11D3-BF4B-00C04F79EFBC}") = "BEPZA_MEDICAL.Utility", "BEPZA_MEDICAL.Utility\BEPZA_MEDICAL.Utility.csproj", "{1FBE4E81-4078-44CF-9AD7-282C84002C37}"
EndProject
Project("{FAE04EC0-301F-11D3-BF4B-00C04F79EFBC}") = "BEPZA_MEDICAL.DAL.FAM", "BEPZA_MEDICAL.DAL.FAM\BEPZA_MEDICAL.DAL.FAM.csproj", "{78FE58FE-5248-41DA-880A-CE51EFE4C970}"
EndProject
Project("{FAE04EC0-301F-11D3-BF4B-00C04F79EFBC}") = "BEPZA_MEDICAL.Domain.FAM", "BEPZA_MEDICAL.Domain.FAM\BEPZA_MEDICAL.Domain.FAM.csproj", "{E9014EA2-D015-47BA-959E-C517A6A973E7}"
EndProject
Project("{FAE04EC0-301F-11D3-BF4B-00C04F79EFBC}") = "BEPZA_MEDICAL.DAL.PGM", "BEPZA_MEDICAL.DAL.PGM\BEPZA_MEDICAL.DAL.PGM.csproj", "{AFD8DEEB-3F26-41D0-BAAB-6CC6467F2807}"
EndProject
Project("{FAE04EC0-301F-11D3-BF4B-00C04F79EFBC}") = "BEPZA_MEDICAL.Domain.PGM", "BEPZA_MEDICAL.Domain.PGM\BEPZA_MEDICAL.Domain.PGM.csproj", "{C3CAFBC6-EBD3-475C-9658-AAD6930EE28D}"
EndProject
Project("{FAE04EC0-301F-11D3-BF4B-00C04F79EFBC}") = "BEPZA_MEDICAL.DAL.CPF", "BEPZA_MEDICAL.DAL.CPF\BEPZA_MEDICAL.DAL.CPF.csproj", "{49924C85-1F37-43A3-962B-D6ABCEC9C76E}"
EndProject
Project("{FAE04EC0-301F-11D3-BF4B-00C04F79EFBC}") = "BEPZA_MEDICAL.Domain.CPF", "BEPZA_MEDICAL.Domain.CPF\BEPZA_MEDICAL.Domain.CPF.csproj", "{CC43D836-D8B7-4618-BA1B-AFCF31495952}"
EndProject
Project("{FAE04EC0-301F-11D3-BF4B-00C04F79EFBC}") = "EmailNotificationService", "EmailNotificationService\EmailNotificationService.csproj", "{1F43FDC0-0D16-4454-92AD-56A38239D743}"
EndProject
Project("{FAE04EC0-301F-11D3-BF4B-00C04F79EFBC}") = "BEPZA_MEDICAL.DAL.AMS", "BEPZA_MEDICAL.DAL.AMS\BEPZA_MEDICAL.DAL.AMS.csproj", "{E23B9869-6C9A-4D1A-B801-EEDB553E1ABD}"
EndProject
Project("{FAE04EC0-301F-11D3-BF4B-00C04F79EFBC}") = "BEPZA_MEDICAL.Domain.AMS", "BEPZA_MEDICAL.Domain.AMS\BEPZA_MEDICAL.Domain.AMS.csproj", "{09AA16B9-6E57-4299-926A-AD88C599E8BB}"
EndProject
Project("{FAE04EC0-301F-11D3-BF4B-00C04F79EFBC}") = "BEPZA_MEDICAL.DB", "BEPZA_MEDICAL.DB\BEPZA_MEDICAL.DB.csproj", "{57766778-3E45-4C01-8079-27DB84E8D68C}"
EndProject
Project("{FAE04EC0-301F-11D3-BF4B-00C04F79EFBC}") = "BEPZA_MEDICAL.DAL.INV", "BEPZA_MEDICAL.DAL.INV\BEPZA_MEDICAL.DAL.INV.csproj", "{9891EC49-02E9-4FB4-95BF-A75C88E1B70D}"
EndProject
Project("{FAE04EC0-301F-11D3-BF4B-00C04F79EFBC}") = "BEPZA_MEDICAL.Domain.INV", "BEPZA_MEDICAL.Domain.INV\BEPZA_MEDICAL.Domain.INV.csproj", "{DFE80065-5C25-4036-AE32-926B6F3BAF19}"
EndProject
Project("{FAE04EC0-301F-11D3-BF4B-00C04F79EFBC}") = "BEPZA_MEDICAL.DAL.PMI", "BEPZA_MEDICAL.DAL.PMI\BEPZA_MEDICAL.DAL.PMI.csproj", "{CF1348DC-06E0-464F-A69F-5B792BA156A1}"
EndProject
Project("{FAE04EC0-301F-11D3-BF4B-00C04F79EFBC}") = "BEPZA_MEDICAL.Domain.PMI", "BEPZA_MEDICAL.Domain.PMI\BEPZA_MEDICAL.Domain.PMI.csproj", "{79A92808-6386-4AA5-A7AF-9CEF6DF9D168}"
EndProject
Project("{FAE04EC0-301F-11D3-BF4B-00C04F79EFBC}") = "BEPZA_MEDICAL.DAL.WFM", "BEPZA_MEDICAL.DAL.WFM\BEPZA_MEDICAL.DAL.WFM.csproj", "{9649C07C-675F-4A34-9A4B-C590E0D0FB20}"
EndProject
Project("{FAE04EC0-301F-11D3-BF4B-00C04F79EFBC}") = "BEPZA_MEDICAL.Domain.WFM", "BEPZA_MEDICAL.Domain.WFM\BEPZA_MEDICAL.Domain.WFM.csproj", "{EB51170C-0027-4F15-986A-82768CCD2F9C}"
EndProject
Project("{FAE04EC0-301F-11D3-BF4B-00C04F79EFBC}") = "BEPZA_MEDICAL.DAL.FMS", "BEPZA_MEDICAL.DAL.FMS\BEPZA_MEDICAL.DAL.FMS.csproj", "{BC5E467A-412D-48E5-9D69-B21AE0F3680A}"
EndProject
Project("{FAE04EC0-301F-11D3-BF4B-00C04F79EFBC}") = "BEPZA_MEDICAL.Domain.FMS", "BEPZA_MEDICAL.Domain.FMS\BEPZA_MEDICAL.Domain.FMS.csproj", "{4E6F6A36-F0C4-45DB-89DF-1B04DAB6D320}"
EndProject
Project("{FAE04EC0-301F-11D3-BF4B-00C04F79EFBC}") = "BEPZA_MEDICAL.DAL.FAR", "BEPZA_MEDICAL.DAL.FAR\BEPZA_MEDICAL.DAL.FAR.csproj", "{179EA875-D8BF-4A2A-A8D8-52578F159AB7}"
EndProject
Project("{FAE04EC0-301F-11D3-BF4B-00C04F79EFBC}") = "BEPZA_MEDICAL.Domain.FAR", "BEPZA_MEDICAL.Domain.FAR\BEPZA_MEDICAL.Domain.FAR.csproj", "{8B4A2144-2AE1-447D-8873-839F3877F28F}"
EndProject
Project("{FAE04EC0-301F-11D3-BF4B-00C04F79EFBC}") = "BEPZA_MEDICAL.DAL.SMS", "BEPZA_MEDICAL.DAL.SMS\BEPZA_MEDICAL.DAL.SMS.csproj", "{94C494E5-5EAE-4B52-8236-9514AC053A45}"
EndProject
Project("{FAE04EC0-301F-11D3-BF4B-00C04F79EFBC}") = "BEPZA_MEDICAL.Domain.SMS", "BEPZA_MEDICAL.Domain.SMS\BEPZA_MEDICAL.Domain.SMS.csproj", "{C4243A15-E3B1-4BD8-B2DB-D2D8B8F56F16}"
EndProject
Global
	GlobalSection(SolutionConfigurationPlatforms) = preSolution
		Debug|Any CPU = Debug|Any CPU
		Debug|Mixed Platforms = Debug|Mixed Platforms
		Debug|x86 = Debug|x86
		Release|Any CPU = Release|Any CPU
		Release|Mixed Platforms = Release|Mixed Platforms
		Release|x86 = Release|x86
	EndGlobalSection
	GlobalSection(ProjectConfigurationPlatforms) = postSolution
		{1892404B-66EC-4369-9E67-A2870A608CBF}.Debug|Any CPU.ActiveCfg = Debug|Any CPU
		{1892404B-66EC-4369-9E67-A2870A608CBF}.Debug|Any CPU.Build.0 = Debug|Any CPU
		{1892404B-66EC-4369-9E67-A2870A608CBF}.Debug|Mixed Platforms.ActiveCfg = Debug|Any CPU
		{1892404B-66EC-4369-9E67-A2870A608CBF}.Debug|Mixed Platforms.Build.0 = Debug|Any CPU
		{1892404B-66EC-4369-9E67-A2870A608CBF}.Debug|x86.ActiveCfg = Debug|Any CPU
		{1892404B-66EC-4369-9E67-A2870A608CBF}.Release|Any CPU.ActiveCfg = Release|Any CPU
		{1892404B-66EC-4369-9E67-A2870A608CBF}.Release|Any CPU.Build.0 = Release|Any CPU
		{1892404B-66EC-4369-9E67-A2870A608CBF}.Release|Mixed Platforms.ActiveCfg = Release|Any CPU
		{1892404B-66EC-4369-9E67-A2870A608CBF}.Release|Mixed Platforms.Build.0 = Release|Any CPU
		{1892404B-66EC-4369-9E67-A2870A608CBF}.Release|x86.ActiveCfg = Release|Any CPU
		{3D9C2195-7658-4158-965F-069FEAF8E311}.Debug|Any CPU.ActiveCfg = Debug|Any CPU
		{3D9C2195-7658-4158-965F-069FEAF8E311}.Debug|Any CPU.Build.0 = Debug|Any CPU
		{3D9C2195-7658-4158-965F-069FEAF8E311}.Debug|Mixed Platforms.ActiveCfg = Debug|Any CPU
		{3D9C2195-7658-4158-965F-069FEAF8E311}.Debug|Mixed Platforms.Build.0 = Debug|Any CPU
		{3D9C2195-7658-4158-965F-069FEAF8E311}.Debug|x86.ActiveCfg = Debug|Any CPU
		{3D9C2195-7658-4158-965F-069FEAF8E311}.Release|Any CPU.ActiveCfg = Release|Any CPU
		{3D9C2195-7658-4158-965F-069FEAF8E311}.Release|Any CPU.Build.0 = Release|Any CPU
		{3D9C2195-7658-4158-965F-069FEAF8E311}.Release|Mixed Platforms.ActiveCfg = Release|Any CPU
		{3D9C2195-7658-4158-965F-069FEAF8E311}.Release|Mixed Platforms.Build.0 = Release|Any CPU
		{3D9C2195-7658-4158-965F-069FEAF8E311}.Release|x86.ActiveCfg = Release|Any CPU
		{99686FF6-1A23-41D2-9055-853E638A48EA}.Debug|Any CPU.ActiveCfg = Debug|Any CPU
		{99686FF6-1A23-41D2-9055-853E638A48EA}.Debug|Any CPU.Build.0 = Debug|Any CPU
		{99686FF6-1A23-41D2-9055-853E638A48EA}.Debug|Mixed Platforms.ActiveCfg = Debug|Any CPU
		{99686FF6-1A23-41D2-9055-853E638A48EA}.Debug|Mixed Platforms.Build.0 = Debug|Any CPU
		{99686FF6-1A23-41D2-9055-853E638A48EA}.Debug|x86.ActiveCfg = Debug|Any CPU
		{99686FF6-1A23-41D2-9055-853E638A48EA}.Release|Any CPU.ActiveCfg = Release|Any CPU
		{99686FF6-1A23-41D2-9055-853E638A48EA}.Release|Any CPU.Build.0 = Release|Any CPU
		{99686FF6-1A23-41D2-9055-853E638A48EA}.Release|Mixed Platforms.ActiveCfg = Release|Any CPU
		{99686FF6-1A23-41D2-9055-853E638A48EA}.Release|Mixed Platforms.Build.0 = Release|Any CPU
		{99686FF6-1A23-41D2-9055-853E638A48EA}.Release|x86.ActiveCfg = Release|Any CPU
		{E43088EA-2886-4A50-97FB-B55CCA6D7085}.Debug|Any CPU.ActiveCfg = Debug|Any CPU
		{E43088EA-2886-4A50-97FB-B55CCA6D7085}.Debug|Any CPU.Build.0 = Debug|Any CPU
		{E43088EA-2886-4A50-97FB-B55CCA6D7085}.Debug|Mixed Platforms.ActiveCfg = Debug|Any CPU
		{E43088EA-2886-4A50-97FB-B55CCA6D7085}.Debug|Mixed Platforms.Build.0 = Debug|Any CPU
		{E43088EA-2886-4A50-97FB-B55CCA6D7085}.Debug|x86.ActiveCfg = Debug|Any CPU
		{E43088EA-2886-4A50-97FB-B55CCA6D7085}.Release|Any CPU.ActiveCfg = Release|Any CPU
		{E43088EA-2886-4A50-97FB-B55CCA6D7085}.Release|Any CPU.Build.0 = Release|Any CPU
		{E43088EA-2886-4A50-97FB-B55CCA6D7085}.Release|Mixed Platforms.ActiveCfg = Release|Any CPU
		{E43088EA-2886-4A50-97FB-B55CCA6D7085}.Release|Mixed Platforms.Build.0 = Release|Any CPU
		{E43088EA-2886-4A50-97FB-B55CCA6D7085}.Release|x86.ActiveCfg = Release|Any CPU
		{1FBE4E81-4078-44CF-9AD7-282C84002C37}.Debug|Any CPU.ActiveCfg = Debug|Any CPU
		{1FBE4E81-4078-44CF-9AD7-282C84002C37}.Debug|Any CPU.Build.0 = Debug|Any CPU
		{1FBE4E81-4078-44CF-9AD7-282C84002C37}.Debug|Mixed Platforms.ActiveCfg = Debug|Any CPU
		{1FBE4E81-4078-44CF-9AD7-282C84002C37}.Debug|Mixed Platforms.Build.0 = Debug|Any CPU
		{1FBE4E81-4078-44CF-9AD7-282C84002C37}.Debug|x86.ActiveCfg = Debug|Any CPU
		{1FBE4E81-4078-44CF-9AD7-282C84002C37}.Release|Any CPU.ActiveCfg = Release|Any CPU
		{1FBE4E81-4078-44CF-9AD7-282C84002C37}.Release|Any CPU.Build.0 = Release|Any CPU
		{1FBE4E81-4078-44CF-9AD7-282C84002C37}.Release|Mixed Platforms.ActiveCfg = Release|Any CPU
		{1FBE4E81-4078-44CF-9AD7-282C84002C37}.Release|Mixed Platforms.Build.0 = Release|Any CPU
		{1FBE4E81-4078-44CF-9AD7-282C84002C37}.Release|x86.ActiveCfg = Release|Any CPU
		{78FE58FE-5248-41DA-880A-CE51EFE4C970}.Debug|Any CPU.ActiveCfg = Debug|Any CPU
		{78FE58FE-5248-41DA-880A-CE51EFE4C970}.Debug|Any CPU.Build.0 = Debug|Any CPU
		{78FE58FE-5248-41DA-880A-CE51EFE4C970}.Debug|Mixed Platforms.ActiveCfg = Debug|Any CPU
		{78FE58FE-5248-41DA-880A-CE51EFE4C970}.Debug|Mixed Platforms.Build.0 = Debug|Any CPU
		{78FE58FE-5248-41DA-880A-CE51EFE4C970}.Debug|x86.ActiveCfg = Debug|Any CPU
		{78FE58FE-5248-41DA-880A-CE51EFE4C970}.Release|Any CPU.ActiveCfg = Release|Any CPU
		{78FE58FE-5248-41DA-880A-CE51EFE4C970}.Release|Any CPU.Build.0 = Release|Any CPU
		{78FE58FE-5248-41DA-880A-CE51EFE4C970}.Release|Mixed Platforms.ActiveCfg = Release|Any CPU
		{78FE58FE-5248-41DA-880A-CE51EFE4C970}.Release|Mixed Platforms.Build.0 = Release|Any CPU
		{78FE58FE-5248-41DA-880A-CE51EFE4C970}.Release|x86.ActiveCfg = Release|Any CPU
		{E9014EA2-D015-47BA-959E-C517A6A973E7}.Debug|Any CPU.ActiveCfg = Debug|Any CPU
		{E9014EA2-D015-47BA-959E-C517A6A973E7}.Debug|Any CPU.Build.0 = Debug|Any CPU
		{E9014EA2-D015-47BA-959E-C517A6A973E7}.Debug|Mixed Platforms.ActiveCfg = Debug|Any CPU
		{E9014EA2-D015-47BA-959E-C517A6A973E7}.Debug|Mixed Platforms.Build.0 = Debug|Any CPU
		{E9014EA2-D015-47BA-959E-C517A6A973E7}.Debug|x86.ActiveCfg = Debug|Any CPU
		{E9014EA2-D015-47BA-959E-C517A6A973E7}.Release|Any CPU.ActiveCfg = Release|Any CPU
		{E9014EA2-D015-47BA-959E-C517A6A973E7}.Release|Any CPU.Build.0 = Release|Any CPU
		{E9014EA2-D015-47BA-959E-C517A6A973E7}.Release|Mixed Platforms.ActiveCfg = Release|Any CPU
		{E9014EA2-D015-47BA-959E-C517A6A973E7}.Release|Mixed Platforms.Build.0 = Release|Any CPU
		{E9014EA2-D015-47BA-959E-C517A6A973E7}.Release|x86.ActiveCfg = Release|Any CPU
		{AFD8DEEB-3F26-41D0-BAAB-6CC6467F2807}.Debug|Any CPU.ActiveCfg = Debug|Any CPU
		{AFD8DEEB-3F26-41D0-BAAB-6CC6467F2807}.Debug|Any CPU.Build.0 = Debug|Any CPU
		{AFD8DEEB-3F26-41D0-BAAB-6CC6467F2807}.Debug|Mixed Platforms.ActiveCfg = Debug|Any CPU
		{AFD8DEEB-3F26-41D0-BAAB-6CC6467F2807}.Debug|Mixed Platforms.Build.0 = Debug|Any CPU
		{AFD8DEEB-3F26-41D0-BAAB-6CC6467F2807}.Debug|x86.ActiveCfg = Debug|Any CPU
		{AFD8DEEB-3F26-41D0-BAAB-6CC6467F2807}.Release|Any CPU.ActiveCfg = Release|Any CPU
		{AFD8DEEB-3F26-41D0-BAAB-6CC6467F2807}.Release|Any CPU.Build.0 = Release|Any CPU
		{AFD8DEEB-3F26-41D0-BAAB-6CC6467F2807}.Release|Mixed Platforms.ActiveCfg = Release|Any CPU
		{AFD8DEEB-3F26-41D0-BAAB-6CC6467F2807}.Release|Mixed Platforms.Build.0 = Release|Any CPU
		{AFD8DEEB-3F26-41D0-BAAB-6CC6467F2807}.Release|x86.ActiveCfg = Release|Any CPU
		{C3CAFBC6-EBD3-475C-9658-AAD6930EE28D}.Debug|Any CPU.ActiveCfg = Debug|Any CPU
		{C3CAFBC6-EBD3-475C-9658-AAD6930EE28D}.Debug|Any CPU.Build.0 = Debug|Any CPU
		{C3CAFBC6-EBD3-475C-9658-AAD6930EE28D}.Debug|Mixed Platforms.ActiveCfg = Debug|Any CPU
		{C3CAFBC6-EBD3-475C-9658-AAD6930EE28D}.Debug|Mixed Platforms.Build.0 = Debug|Any CPU
		{C3CAFBC6-EBD3-475C-9658-AAD6930EE28D}.Debug|x86.ActiveCfg = Debug|Any CPU
		{C3CAFBC6-EBD3-475C-9658-AAD6930EE28D}.Release|Any CPU.ActiveCfg = Release|Any CPU
		{C3CAFBC6-EBD3-475C-9658-AAD6930EE28D}.Release|Any CPU.Build.0 = Release|Any CPU
		{C3CAFBC6-EBD3-475C-9658-AAD6930EE28D}.Release|Mixed Platforms.ActiveCfg = Release|Any CPU
		{C3CAFBC6-EBD3-475C-9658-AAD6930EE28D}.Release|Mixed Platforms.Build.0 = Release|Any CPU
		{C3CAFBC6-EBD3-475C-9658-AAD6930EE28D}.Release|x86.ActiveCfg = Release|Any CPU
		{49924C85-1F37-43A3-962B-D6ABCEC9C76E}.Debug|Any CPU.ActiveCfg = Debug|Any CPU
		{49924C85-1F37-43A3-962B-D6ABCEC9C76E}.Debug|Any CPU.Build.0 = Debug|Any CPU
		{49924C85-1F37-43A3-962B-D6ABCEC9C76E}.Debug|Mixed Platforms.ActiveCfg = Debug|Any CPU
		{49924C85-1F37-43A3-962B-D6ABCEC9C76E}.Debug|Mixed Platforms.Build.0 = Debug|Any CPU
		{49924C85-1F37-43A3-962B-D6ABCEC9C76E}.Debug|x86.ActiveCfg = Debug|Any CPU
		{49924C85-1F37-43A3-962B-D6ABCEC9C76E}.Release|Any CPU.ActiveCfg = Release|Any CPU
		{49924C85-1F37-43A3-962B-D6ABCEC9C76E}.Release|Any CPU.Build.0 = Release|Any CPU
		{49924C85-1F37-43A3-962B-D6ABCEC9C76E}.Release|Mixed Platforms.ActiveCfg = Release|Any CPU
		{49924C85-1F37-43A3-962B-D6ABCEC9C76E}.Release|Mixed Platforms.Build.0 = Release|Any CPU
		{49924C85-1F37-43A3-962B-D6ABCEC9C76E}.Release|x86.ActiveCfg = Release|Any CPU
		{CC43D836-D8B7-4618-BA1B-AFCF31495952}.Debug|Any CPU.ActiveCfg = Debug|Any CPU
		{CC43D836-D8B7-4618-BA1B-AFCF31495952}.Debug|Any CPU.Build.0 = Debug|Any CPU
		{CC43D836-D8B7-4618-BA1B-AFCF31495952}.Debug|Mixed Platforms.ActiveCfg = Debug|Any CPU
		{CC43D836-D8B7-4618-BA1B-AFCF31495952}.Debug|Mixed Platforms.Build.0 = Debug|Any CPU
		{CC43D836-D8B7-4618-BA1B-AFCF31495952}.Debug|x86.ActiveCfg = Debug|Any CPU
		{CC43D836-D8B7-4618-BA1B-AFCF31495952}.Release|Any CPU.ActiveCfg = Release|Any CPU
		{CC43D836-D8B7-4618-BA1B-AFCF31495952}.Release|Any CPU.Build.0 = Release|Any CPU
		{CC43D836-D8B7-4618-BA1B-AFCF31495952}.Release|Mixed Platforms.ActiveCfg = Release|Any CPU
		{CC43D836-D8B7-4618-BA1B-AFCF31495952}.Release|Mixed Platforms.Build.0 = Release|Any CPU
		{CC43D836-D8B7-4618-BA1B-AFCF31495952}.Release|x86.ActiveCfg = Release|Any CPU
		{1F43FDC0-0D16-4454-92AD-56A38239D743}.Debug|Any CPU.ActiveCfg = Debug|x86
		{1F43FDC0-0D16-4454-92AD-56A38239D743}.Debug|Mixed Platforms.ActiveCfg = Debug|x86
		{1F43FDC0-0D16-4454-92AD-56A38239D743}.Debug|Mixed Platforms.Build.0 = Debug|x86
		{1F43FDC0-0D16-4454-92AD-56A38239D743}.Debug|x86.ActiveCfg = Debug|x86
		{1F43FDC0-0D16-4454-92AD-56A38239D743}.Debug|x86.Build.0 = Debug|x86
		{1F43FDC0-0D16-4454-92AD-56A38239D743}.Release|Any CPU.ActiveCfg = Release|x86
		{1F43FDC0-0D16-4454-92AD-56A38239D743}.Release|Mixed Platforms.ActiveCfg = Release|x86
		{1F43FDC0-0D16-4454-92AD-56A38239D743}.Release|Mixed Platforms.Build.0 = Release|x86
		{1F43FDC0-0D16-4454-92AD-56A38239D743}.Release|x86.ActiveCfg = Release|x86
		{1F43FDC0-0D16-4454-92AD-56A38239D743}.Release|x86.Build.0 = Release|x86
		{E23B9869-6C9A-4D1A-B801-EEDB553E1ABD}.Debug|Any CPU.ActiveCfg = Debug|Any CPU
		{E23B9869-6C9A-4D1A-B801-EEDB553E1ABD}.Debug|Any CPU.Build.0 = Debug|Any CPU
		{E23B9869-6C9A-4D1A-B801-EEDB553E1ABD}.Debug|Mixed Platforms.ActiveCfg = Debug|Any CPU
		{E23B9869-6C9A-4D1A-B801-EEDB553E1ABD}.Debug|Mixed Platforms.Build.0 = Debug|Any CPU
		{E23B9869-6C9A-4D1A-B801-EEDB553E1ABD}.Debug|x86.ActiveCfg = Debug|Any CPU
		{E23B9869-6C9A-4D1A-B801-EEDB553E1ABD}.Release|Any CPU.ActiveCfg = Release|Any CPU
		{E23B9869-6C9A-4D1A-B801-EEDB553E1ABD}.Release|Any CPU.Build.0 = Release|Any CPU
		{E23B9869-6C9A-4D1A-B801-EEDB553E1ABD}.Release|Mixed Platforms.ActiveCfg = Release|Any CPU
		{E23B9869-6C9A-4D1A-B801-EEDB553E1ABD}.Release|Mixed Platforms.Build.0 = Release|Any CPU
		{E23B9869-6C9A-4D1A-B801-EEDB553E1ABD}.Release|x86.ActiveCfg = Release|Any CPU
		{09AA16B9-6E57-4299-926A-AD88C599E8BB}.Debug|Any CPU.ActiveCfg = Debug|Any CPU
		{09AA16B9-6E57-4299-926A-AD88C599E8BB}.Debug|Any CPU.Build.0 = Debug|Any CPU
		{09AA16B9-6E57-4299-926A-AD88C599E8BB}.Debug|Mixed Platforms.ActiveCfg = Debug|Any CPU
		{09AA16B9-6E57-4299-926A-AD88C599E8BB}.Debug|Mixed Platforms.Build.0 = Debug|Any CPU
		{09AA16B9-6E57-4299-926A-AD88C599E8BB}.Debug|x86.ActiveCfg = Debug|Any CPU
		{09AA16B9-6E57-4299-926A-AD88C599E8BB}.Release|Any CPU.ActiveCfg = Release|Any CPU
		{09AA16B9-6E57-4299-926A-AD88C599E8BB}.Release|Any CPU.Build.0 = Release|Any CPU
		{09AA16B9-6E57-4299-926A-AD88C599E8BB}.Release|Mixed Platforms.ActiveCfg = Release|Any CPU
		{09AA16B9-6E57-4299-926A-AD88C599E8BB}.Release|Mixed Platforms.Build.0 = Release|Any CPU
		{09AA16B9-6E57-4299-926A-AD88C599E8BB}.Release|x86.ActiveCfg = Release|Any CPU
		{57766778-3E45-4C01-8079-27DB84E8D68C}.Debug|Any CPU.ActiveCfg = Debug|Any CPU
		{57766778-3E45-4C01-8079-27DB84E8D68C}.Debug|Any CPU.Build.0 = Debug|Any CPU
		{57766778-3E45-4C01-8079-27DB84E8D68C}.Debug|Mixed Platforms.ActiveCfg = Debug|Any CPU
		{57766778-3E45-4C01-8079-27DB84E8D68C}.Debug|Mixed Platforms.Build.0 = Debug|Any CPU
		{57766778-3E45-4C01-8079-27DB84E8D68C}.Debug|x86.ActiveCfg = Debug|Any CPU
		{57766778-3E45-4C01-8079-27DB84E8D68C}.Release|Any CPU.ActiveCfg = Release|Any CPU
		{57766778-3E45-4C01-8079-27DB84E8D68C}.Release|Any CPU.Build.0 = Release|Any CPU
		{57766778-3E45-4C01-8079-27DB84E8D68C}.Release|Mixed Platforms.ActiveCfg = Release|Any CPU
		{57766778-3E45-4C01-8079-27DB84E8D68C}.Release|Mixed Platforms.Build.0 = Release|Any CPU
		{57766778-3E45-4C01-8079-27DB84E8D68C}.Release|x86.ActiveCfg = Release|Any CPU
		{9891EC49-02E9-4FB4-95BF-A75C88E1B70D}.Debug|Any CPU.ActiveCfg = Debug|Any CPU
		{9891EC49-02E9-4FB4-95BF-A75C88E1B70D}.Debug|Any CPU.Build.0 = Debug|Any CPU
		{9891EC49-02E9-4FB4-95BF-A75C88E1B70D}.Debug|Mixed Platforms.ActiveCfg = Debug|Any CPU
		{9891EC49-02E9-4FB4-95BF-A75C88E1B70D}.Debug|Mixed Platforms.Build.0 = Debug|Any CPU
		{9891EC49-02E9-4FB4-95BF-A75C88E1B70D}.Debug|x86.ActiveCfg = Debug|Any CPU
		{9891EC49-02E9-4FB4-95BF-A75C88E1B70D}.Release|Any CPU.ActiveCfg = Release|Any CPU
		{9891EC49-02E9-4FB4-95BF-A75C88E1B70D}.Release|Any CPU.Build.0 = Release|Any CPU
		{9891EC49-02E9-4FB4-95BF-A75C88E1B70D}.Release|Mixed Platforms.ActiveCfg = Release|Any CPU
		{9891EC49-02E9-4FB4-95BF-A75C88E1B70D}.Release|Mixed Platforms.Build.0 = Release|Any CPU
		{9891EC49-02E9-4FB4-95BF-A75C88E1B70D}.Release|x86.ActiveCfg = Release|Any CPU
		{DFE80065-5C25-4036-AE32-926B6F3BAF19}.Debug|Any CPU.ActiveCfg = Debug|Any CPU
		{DFE80065-5C25-4036-AE32-926B6F3BAF19}.Debug|Any CPU.Build.0 = Debug|Any CPU
		{DFE80065-5C25-4036-AE32-926B6F3BAF19}.Debug|Mixed Platforms.ActiveCfg = Debug|Any CPU
		{DFE80065-5C25-4036-AE32-926B6F3BAF19}.Debug|Mixed Platforms.Build.0 = Debug|Any CPU
		{DFE80065-5C25-4036-AE32-926B6F3BAF19}.Debug|x86.ActiveCfg = Debug|Any CPU
		{DFE80065-5C25-4036-AE32-926B6F3BAF19}.Release|Any CPU.ActiveCfg = Release|Any CPU
		{DFE80065-5C25-4036-AE32-926B6F3BAF19}.Release|Any CPU.Build.0 = Release|Any CPU
		{DFE80065-5C25-4036-AE32-926B6F3BAF19}.Release|Mixed Platforms.ActiveCfg = Release|Any CPU
		{DFE80065-5C25-4036-AE32-926B6F3BAF19}.Release|Mixed Platforms.Build.0 = Release|Any CPU
		{DFE80065-5C25-4036-AE32-926B6F3BAF19}.Release|x86.ActiveCfg = Release|Any CPU
		{CF1348DC-06E0-464F-A69F-5B792BA156A1}.Debug|Any CPU.ActiveCfg = Debug|Any CPU
		{CF1348DC-06E0-464F-A69F-5B792BA156A1}.Debug|Any CPU.Build.0 = Debug|Any CPU
		{CF1348DC-06E0-464F-A69F-5B792BA156A1}.Debug|Mixed Platforms.ActiveCfg = Debug|Any CPU
		{CF1348DC-06E0-464F-A69F-5B792BA156A1}.Debug|Mixed Platforms.Build.0 = Debug|Any CPU
		{CF1348DC-06E0-464F-A69F-5B792BA156A1}.Debug|x86.ActiveCfg = Debug|Any CPU
		{CF1348DC-06E0-464F-A69F-5B792BA156A1}.Release|Any CPU.ActiveCfg = Release|Any CPU
		{CF1348DC-06E0-464F-A69F-5B792BA156A1}.Release|Any CPU.Build.0 = Release|Any CPU
		{CF1348DC-06E0-464F-A69F-5B792BA156A1}.Release|Mixed Platforms.ActiveCfg = Release|Any CPU
		{CF1348DC-06E0-464F-A69F-5B792BA156A1}.Release|Mixed Platforms.Build.0 = Release|Any CPU
		{CF1348DC-06E0-464F-A69F-5B792BA156A1}.Release|x86.ActiveCfg = Release|Any CPU
		{79A92808-6386-4AA5-A7AF-9CEF6DF9D168}.Debug|Any CPU.ActiveCfg = Debug|Any CPU
		{79A92808-6386-4AA5-A7AF-9CEF6DF9D168}.Debug|Any CPU.Build.0 = Debug|Any CPU
		{79A92808-6386-4AA5-A7AF-9CEF6DF9D168}.Debug|Mixed Platforms.ActiveCfg = Debug|Any CPU
		{79A92808-6386-4AA5-A7AF-9CEF6DF9D168}.Debug|Mixed Platforms.Build.0 = Debug|Any CPU
		{79A92808-6386-4AA5-A7AF-9CEF6DF9D168}.Debug|x86.ActiveCfg = Debug|Any CPU
		{79A92808-6386-4AA5-A7AF-9CEF6DF9D168}.Release|Any CPU.ActiveCfg = Release|Any CPU
		{79A92808-6386-4AA5-A7AF-9CEF6DF9D168}.Release|Any CPU.Build.0 = Release|Any CPU
		{79A92808-6386-4AA5-A7AF-9CEF6DF9D168}.Release|Mixed Platforms.ActiveCfg = Release|Any CPU
		{79A92808-6386-4AA5-A7AF-9CEF6DF9D168}.Release|Mixed Platforms.Build.0 = Release|Any CPU
		{79A92808-6386-4AA5-A7AF-9CEF6DF9D168}.Release|x86.ActiveCfg = Release|Any CPU
		{9649C07C-675F-4A34-9A4B-C590E0D0FB20}.Debug|Any CPU.ActiveCfg = Debug|Any CPU
		{9649C07C-675F-4A34-9A4B-C590E0D0FB20}.Debug|Any CPU.Build.0 = Debug|Any CPU
		{9649C07C-675F-4A34-9A4B-C590E0D0FB20}.Debug|Mixed Platforms.ActiveCfg = Debug|Any CPU
		{9649C07C-675F-4A34-9A4B-C590E0D0FB20}.Debug|Mixed Platforms.Build.0 = Debug|Any CPU
		{9649C07C-675F-4A34-9A4B-C590E0D0FB20}.Debug|x86.ActiveCfg = Debug|Any CPU
		{9649C07C-675F-4A34-9A4B-C590E0D0FB20}.Release|Any CPU.ActiveCfg = Release|Any CPU
		{9649C07C-675F-4A34-9A4B-C590E0D0FB20}.Release|Any CPU.Build.0 = Release|Any CPU
		{9649C07C-675F-4A34-9A4B-C590E0D0FB20}.Release|Mixed Platforms.ActiveCfg = Release|Any CPU
		{9649C07C-675F-4A34-9A4B-C590E0D0FB20}.Release|Mixed Platforms.Build.0 = Release|Any CPU
		{9649C07C-675F-4A34-9A4B-C590E0D0FB20}.Release|x86.ActiveCfg = Release|Any CPU
		{EB51170C-0027-4F15-986A-82768CCD2F9C}.Debug|Any CPU.ActiveCfg = Debug|Any CPU
		{EB51170C-0027-4F15-986A-82768CCD2F9C}.Debug|Any CPU.Build.0 = Debug|Any CPU
		{EB51170C-0027-4F15-986A-82768CCD2F9C}.Debug|Mixed Platforms.ActiveCfg = Debug|Any CPU
		{EB51170C-0027-4F15-986A-82768CCD2F9C}.Debug|Mixed Platforms.Build.0 = Debug|Any CPU
		{EB51170C-0027-4F15-986A-82768CCD2F9C}.Debug|x86.ActiveCfg = Debug|Any CPU
		{EB51170C-0027-4F15-986A-82768CCD2F9C}.Release|Any CPU.ActiveCfg = Release|Any CPU
		{EB51170C-0027-4F15-986A-82768CCD2F9C}.Release|Any CPU.Build.0 = Release|Any CPU
		{EB51170C-0027-4F15-986A-82768CCD2F9C}.Release|Mixed Platforms.ActiveCfg = Release|Any CPU
		{EB51170C-0027-4F15-986A-82768CCD2F9C}.Release|Mixed Platforms.Build.0 = Release|Any CPU
		{EB51170C-0027-4F15-986A-82768CCD2F9C}.Release|x86.ActiveCfg = Release|Any CPU
		{BC5E467A-412D-48E5-9D69-B21AE0F3680A}.Debug|Any CPU.ActiveCfg = Debug|Any CPU
		{BC5E467A-412D-48E5-9D69-B21AE0F3680A}.Debug|Any CPU.Build.0 = Debug|Any CPU
		{BC5E467A-412D-48E5-9D69-B21AE0F3680A}.Debug|Mixed Platforms.ActiveCfg = Debug|Any CPU
		{BC5E467A-412D-48E5-9D69-B21AE0F3680A}.Debug|Mixed Platforms.Build.0 = Debug|Any CPU
		{BC5E467A-412D-48E5-9D69-B21AE0F3680A}.Debug|x86.ActiveCfg = Debug|Any CPU
		{BC5E467A-412D-48E5-9D69-B21AE0F3680A}.Release|Any CPU.ActiveCfg = Release|Any CPU
		{BC5E467A-412D-48E5-9D69-B21AE0F3680A}.Release|Any CPU.Build.0 = Release|Any CPU
		{BC5E467A-412D-48E5-9D69-B21AE0F3680A}.Release|Mixed Platforms.ActiveCfg = Release|Any CPU
		{BC5E467A-412D-48E5-9D69-B21AE0F3680A}.Release|Mixed Platforms.Build.0 = Release|Any CPU
		{BC5E467A-412D-48E5-9D69-B21AE0F3680A}.Release|x86.ActiveCfg = Release|Any CPU
		{4E6F6A36-F0C4-45DB-89DF-1B04DAB6D320}.Debug|Any CPU.ActiveCfg = Debug|Any CPU
		{4E6F6A36-F0C4-45DB-89DF-1B04DAB6D320}.Debug|Any CPU.Build.0 = Debug|Any CPU
		{4E6F6A36-F0C4-45DB-89DF-1B04DAB6D320}.Debug|Mixed Platforms.ActiveCfg = Debug|Any CPU
		{4E6F6A36-F0C4-45DB-89DF-1B04DAB6D320}.Debug|Mixed Platforms.Build.0 = Debug|Any CPU
		{4E6F6A36-F0C4-45DB-89DF-1B04DAB6D320}.Debug|x86.ActiveCfg = Debug|Any CPU
		{4E6F6A36-F0C4-45DB-89DF-1B04DAB6D320}.Release|Any CPU.ActiveCfg = Release|Any CPU
		{4E6F6A36-F0C4-45DB-89DF-1B04DAB6D320}.Release|Any CPU.Build.0 = Release|Any CPU
		{4E6F6A36-F0C4-45DB-89DF-1B04DAB6D320}.Release|Mixed Platforms.ActiveCfg = Release|Any CPU
		{4E6F6A36-F0C4-45DB-89DF-1B04DAB6D320}.Release|Mixed Platforms.Build.0 = Release|Any CPU
		{4E6F6A36-F0C4-45DB-89DF-1B04DAB6D320}.Release|x86.ActiveCfg = Release|Any CPU
		{179EA875-D8BF-4A2A-A8D8-52578F159AB7}.Debug|Any CPU.ActiveCfg = Debug|Any CPU
		{179EA875-D8BF-4A2A-A8D8-52578F159AB7}.Debug|Any CPU.Build.0 = Debug|Any CPU
		{179EA875-D8BF-4A2A-A8D8-52578F159AB7}.Debug|Mixed Platforms.ActiveCfg = Debug|Any CPU
		{179EA875-D8BF-4A2A-A8D8-52578F159AB7}.Debug|Mixed Platforms.Build.0 = Debug|Any CPU
		{179EA875-D8BF-4A2A-A8D8-52578F159AB7}.Debug|x86.ActiveCfg = Debug|Any CPU
		{179EA875-D8BF-4A2A-A8D8-52578F159AB7}.Release|Any CPU.ActiveCfg = Release|Any CPU
		{179EA875-D8BF-4A2A-A8D8-52578F159AB7}.Release|Any CPU.Build.0 = Release|Any CPU
		{179EA875-D8BF-4A2A-A8D8-52578F159AB7}.Release|Mixed Platforms.ActiveCfg = Release|Any CPU
		{179EA875-D8BF-4A2A-A8D8-52578F159AB7}.Release|Mixed Platforms.Build.0 = Release|Any CPU
		{179EA875-D8BF-4A2A-A8D8-52578F159AB7}.Release|x86.ActiveCfg = Release|Any CPU
		{8B4A2144-2AE1-447D-8873-839F3877F28F}.Debug|Any CPU.ActiveCfg = Debug|Any CPU
		{8B4A2144-2AE1-447D-8873-839F3877F28F}.Debug|Any CPU.Build.0 = Debug|Any CPU
		{8B4A2144-2AE1-447D-8873-839F3877F28F}.Debug|Mixed Platforms.ActiveCfg = Debug|Any CPU
		{8B4A2144-2AE1-447D-8873-839F3877F28F}.Debug|Mixed Platforms.Build.0 = Debug|Any CPU
		{8B4A2144-2AE1-447D-8873-839F3877F28F}.Debug|x86.ActiveCfg = Debug|Any CPU
		{8B4A2144-2AE1-447D-8873-839F3877F28F}.Release|Any CPU.ActiveCfg = Release|Any CPU
		{8B4A2144-2AE1-447D-8873-839F3877F28F}.Release|Any CPU.Build.0 = Release|Any CPU
		{8B4A2144-2AE1-447D-8873-839F3877F28F}.Release|Mixed Platforms.ActiveCfg = Release|Any CPU
		{8B4A2144-2AE1-447D-8873-839F3877F28F}.Release|Mixed Platforms.Build.0 = Release|Any CPU
		{8B4A2144-2AE1-447D-8873-839F3877F28F}.Release|x86.ActiveCfg = Release|Any CPU
		{94C494E5-5EAE-4B52-8236-9514AC053A45}.Debug|Any CPU.ActiveCfg = Debug|Any CPU
		{94C494E5-5EAE-4B52-8236-9514AC053A45}.Debug|Any CPU.Build.0 = Debug|Any CPU
		{94C494E5-5EAE-4B52-8236-9514AC053A45}.Debug|Mixed Platforms.ActiveCfg = Debug|Any CPU
		{94C494E5-5EAE-4B52-8236-9514AC053A45}.Debug|Mixed Platforms.Build.0 = Debug|Any CPU
		{94C494E5-5EAE-4B52-8236-9514AC053A45}.Debug|x86.ActiveCfg = Debug|Any CPU
		{94C494E5-5EAE-4B52-8236-9514AC053A45}.Release|Any CPU.ActiveCfg = Release|Any CPU
		{94C494E5-5EAE-4B52-8236-9514AC053A45}.Release|Any CPU.Build.0 = Release|Any CPU
		{94C494E5-5EAE-4B52-8236-9514AC053A45}.Release|Mixed Platforms.ActiveCfg = Release|Any CPU
		{94C494E5-5EAE-4B52-8236-9514AC053A45}.Release|Mixed Platforms.Build.0 = Release|Any CPU
		{94C494E5-5EAE-4B52-8236-9514AC053A45}.Release|x86.ActiveCfg = Release|Any CPU
		{C4243A15-E3B1-4BD8-B2DB-D2D8B8F56F16}.Debug|Any CPU.ActiveCfg = Debug|Any CPU
		{C4243A15-E3B1-4BD8-B2DB-D2D8B8F56F16}.Debug|Any CPU.Build.0 = Debug|Any CPU
		{C4243A15-E3B1-4BD8-B2DB-D2D8B8F56F16}.Debug|Mixed Platforms.ActiveCfg = Debug|Any CPU
		{C4243A15-E3B1-4BD8-B2DB-D2D8B8F56F16}.Debug|Mixed Platforms.Build.0 = Debug|Any CPU
		{C4243A15-E3B1-4BD8-B2DB-D2D8B8F56F16}.Debug|x86.ActiveCfg = Debug|Any CPU
		{C4243A15-E3B1-4BD8-B2DB-D2D8B8F56F16}.Release|Any CPU.ActiveCfg = Release|Any CPU
		{C4243A15-E3B1-4BD8-B2DB-D2D8B8F56F16}.Release|Any CPU.Build.0 = Release|Any CPU
		{C4243A15-E3B1-4BD8-B2DB-D2D8B8F56F16}.Release|Mixed Platforms.ActiveCfg = Release|Any CPU
		{C4243A15-E3B1-4BD8-B2DB-D2D8B8F56F16}.Release|Mixed Platforms.Build.0 = Release|Any CPU
		{C4243A15-E3B1-4BD8-B2DB-D2D8B8F56F16}.Release|x86.ActiveCfg = Release|Any CPU
	EndGlobalSection
	GlobalSection(SolutionProperties) = preSolution
		HideSolutionNode = FALSE
	EndGlobalSection
	GlobalSection(NestedProjects) = preSolution
		{3D9C2195-7658-4158-965F-069FEAF8E311} = {893ECC3B-3A64-435E-8F33-D39C56484A6E}
		{99686FF6-1A23-41D2-9055-853E638A48EA} = {893ECC3B-3A64-435E-8F33-D39C56484A6E}
		{E43088EA-2886-4A50-97FB-B55CCA6D7085} = {8718E047-E0A2-40F5-B98E-9773B98B27C4}
		{78FE58FE-5248-41DA-880A-CE51EFE4C970} = {893ECC3B-3A64-435E-8F33-D39C56484A6E}
		{E9014EA2-D015-47BA-959E-C517A6A973E7} = {8718E047-E0A2-40F5-B98E-9773B98B27C4}
		{AFD8DEEB-3F26-41D0-BAAB-6CC6467F2807} = {893ECC3B-3A64-435E-8F33-D39C56484A6E}
		{C3CAFBC6-EBD3-475C-9658-AAD6930EE28D} = {8718E047-E0A2-40F5-B98E-9773B98B27C4}
		{49924C85-1F37-43A3-962B-D6ABCEC9C76E} = {893ECC3B-3A64-435E-8F33-D39C56484A6E}
		{CC43D836-D8B7-4618-BA1B-AFCF31495952} = {8718E047-E0A2-40F5-B98E-9773B98B27C4}
		{E23B9869-6C9A-4D1A-B801-EEDB553E1ABD} = {893ECC3B-3A64-435E-8F33-D39C56484A6E}
		{09AA16B9-6E57-4299-926A-AD88C599E8BB} = {8718E047-E0A2-40F5-B98E-9773B98B27C4}
		{9891EC49-02E9-4FB4-95BF-A75C88E1B70D} = {893ECC3B-3A64-435E-8F33-D39C56484A6E}
		{DFE80065-5C25-4036-AE32-926B6F3BAF19} = {8718E047-E0A2-40F5-B98E-9773B98B27C4}
		{CF1348DC-06E0-464F-A69F-5B792BA156A1} = {893ECC3B-3A64-435E-8F33-D39C56484A6E}
		{79A92808-6386-4AA5-A7AF-9CEF6DF9D168} = {8718E047-E0A2-40F5-B98E-9773B98B27C4}
		{9649C07C-675F-4A34-9A4B-C590E0D0FB20} = {893ECC3B-3A64-435E-8F33-D39C56484A6E}
		{EB51170C-0027-4F15-986A-82768CCD2F9C} = {8718E047-E0A2-40F5-B98E-9773B98B27C4}
		{BC5E467A-412D-48E5-9D69-B21AE0F3680A} = {893ECC3B-3A64-435E-8F33-D39C56484A6E}
		{4E6F6A36-F0C4-45DB-89DF-1B04DAB6D320} = {8718E047-E0A2-40F5-B98E-9773B98B27C4}
		{179EA875-D8BF-4A2A-A8D8-52578F159AB7} = {893ECC3B-3A64-435E-8F33-D39C56484A6E}
		{8B4A2144-2AE1-447D-8873-839F3877F28F} = {8718E047-E0A2-40F5-B98E-9773B98B27C4}
		{94C494E5-5EAE-4B52-8236-9514AC053A45} = {893ECC3B-3A64-435E-8F33-D39C56484A6E}
		{C4243A15-E3B1-4BD8-B2DB-D2D8B8F56F16} = {8718E047-E0A2-40F5-B98E-9773B98B27C4}
	EndGlobalSection
	GlobalSection(ExtensibilityGlobals) = postSolution
		SolutionGuid = {2F6DF6E0-CFA3-452D-899D-8EC575EC9FA6}
	EndGlobalSection
	GlobalSection(TestCaseManagementSettings) = postSolution
		CategoryFile = IWM.vsmdi
	EndGlobalSection
EndGlobal
